github.com/ChieveiT/bgo v0.0.0-20190216183911-01d2539aeafb/go.mod h1:VXu2d4twKNR8Kc4kUC0sf+h0EH45WrTt4el/rCwNcrA=
github.com/DATA-DOG/go-sqlmock v1.3.2 h1:2L2f5t3kKnCLxnClDD/PrDfExFFa1wjESgxHG/B1ibo=
github.com/DATA-DOG/go-sqlmock v1.3.2/go.mod h1:f/Ixk793poVmq4qj/V1dPUg2JEAKC73Q5eFN3EC/SaM=
github.com/Gurpartap/logrus-stack v0.0.0-20170710170904-89c00d8a28f4 h1:vdT7QwBhJJEVNFMBNhRSFDRCB6O16T28VhvqRgqFyn8=
github.com/Gurpartap/logrus-stack v0.0.0-20170710170904-89c00d8a28f4/go.mod h1:SvXOG8ElV28oAiG9zv91SDe5+9PfIr7PPccpr8YyXNs=
github.com/Microsoft/go-winio v0.4.11/go.mod h1:VhR8bwka0BXejwEJY73c50VrPtXAaKcyvVC4A4RozmA=
github.com/certifi/gocertifi v0.0.0-20190105021004-abcd57078448 h1:8tNk6SPXzLDnATTrWoI5Bgw9s/x4uf0kmBpk21NZgI4=
github.com/certifi/gocertifi v0.0.0-20190105021004-abcd57078448/go.mod h1:GJKEexRPVJrBSOjoqN5VNOIKJ5Q3RViH6eu3puDRwx4=
github.com/codahale/hdrhistogram v0.0.0-20161010025455-3a0bb77429bd/go.mod h1:sE/e/2PUdi/liOCUjSTXgM1o87ZssimdTWN964YiIeI=
github.com/davecgh/go-spew v1.1.0/go.mod h1:J7Y8YcW2NihsgmVo/mv3lAwl/skON4iLHjSsI+c5H38=
github.com/davecgh/go-spew v1.1.1 h1:vj9j/u1bqnvCEfJOwUhtlOARqs3+rkHYY13jYWTU97c=
github.com/davecgh/go-spew v1.1.1/go.mod h1:J7Y8YcW2NihsgmVo/mv3lAwl/skON4iLHjSsI+c5H38=
github.com/dgrijalva/jwt-go v3.2.0+incompatible h1:7qlOGliEKZXTDg6OTjfoBKDXWrumCAMpl/TFQ4/5kLM=
github.com/dgrijalva/jwt-go v3.2.0+incompatible/go.mod h1:E3ru+11k8xSBh+hMPgOLZmtrrCbhqsmaPHjLKYnJCaQ=
github.com/docker/distribution v2.7.1+incompatible/go.mod h1:J2gT2udsDAN96Uj4KfcMRqY0/ypR+oyYUYmja8H+y+w=
github.com/docker/docker v1.13.1/go.mod h1:eEKB0N0r5NX/I1kEveEz05bcu8tLC/8azJZsviup8Sk=
github.com/docker/go-connections v0.4.0/go.mod h1:Gbd7IOopHjR8Iph03tsViu4nIes5XhDvyHbTtUxmeec=
github.com/docker/go-units v0.3.3/go.mod h1:fgPhTUdO+D/Jk86RDLlptpiXQzgHJF7gydDDbaIK4Dk=
github.com/facebookgo/stack v0.0.0-20160209184415-751773369052 h1:JWuenKqqX8nojtoVVWjGfOF9635RETekkoH6Cc9SX0A=
github.com/facebookgo/stack v0.0.0-20160209184415-751773369052/go.mod h1:UbMTZqLaRiH3MsBH8va0n7s1pQYcu3uTb8G4tygF4Zg=
github.com/fatih/structs v1.1.0 h1:Q7juDM0QtcnhCpeyLGQKyg4TOIghuNXrkL32pHAUMxo=
github.com/fatih/structs v1.1.0/go.mod h1:9NiDSp5zOcgEDl+j00MP/WkGVPOlPRLejGD8Ga6PJ7M=
github.com/getsentry/raven-go v0.2.0 h1:no+xWJRb5ZI7eE8TWgIq1jLulQiIoLG0IfYxv5JYMGs=
github.com/getsentry/raven-go v0.2.0/go.mod h1:KungGk8q33+aIAZUIVWZDr2OfAEBsO49PX4NzFV5kcQ=
github.com/go-sql-driver/mysql v1.4.0/go.mod h1:zAC/RDZ24gD3HViQzih4MyKcchzm+sOG5ZlKdlhCg5w=
github.com/go-sql-driver/mysql v1.4.1 h1:g24URVg0OFbNUTx9qqY1IRZ9D9z3iPyi5zKhQZpNwpA=
github.com/go-sql-driver/mysql v1.4.1/go.mod h1:zAC/RDZ24gD3HViQzih4MyKcchzm+sOG5ZlKdlhCg5w=
github.com/gocraft/dbr v0.0.0-20190131145710-48a049970bd2 h1:zPA5FYTrmWSPMYWc3xJOTMGiqqm8lrdawrQqnamsw6w=
github.com/gocraft/dbr v0.0.0-20190131145710-48a049970bd2/go.mod h1:K/9g3pPouf13kP5K7pdriQEJAy272R9yXuWuDIEWJTM=
github.com/golang-migrate/migrate v3.5.4+incompatible h1:R7OzwvCJTCgwapPCiX6DyBiu2czIUMDCB118gFTKTUA=
github.com/golang-migrate/migrate v3.5.4+incompatible/go.mod h1:IsVUlFN5puWOmXrqjgGUfIRIbU7mr8oNBE2tyERd9Wk=
github.com/golang/protobuf v1.2.0/go.mod h1:6lQm79b+lXiMfvg/cZm0SGofjICqVBUtrP5yJMmIC1U=
github.com/graph-gophers/graphql-go v0.0.0-20190214043811-70e684c13100 h1:93vp9+JB/xfaz/fSwbAq/Cow9fDWZYhcZ7vhdiXy9sE=
github.com/graph-gophers/graphql-go v0.0.0-20190214043811-70e684c13100/go.mod h1:uJhtPXrcJLqyi0H5IuMFh+fgW+8cMMakK3Txrbk/WJE=
github.com/jmoiron/sqlx v1.2.0 h1:41Ip0zITnmWNR/vHV+S4m+VoUivnWY5E4OJfLZjCJMA=
github.com/jmoiron/sqlx v1.2.0/go.mod h1:1FEQNm3xlJgrMD+FBdI9+xvCksHtbpVBBw5dYhBSsks=
github.com/julienschmidt/httprouter v1.2.0 h1:TDTW5Yz1mjftljbcKqRcrYhd4XeOoI98t+9HbQbYf7g=
github.com/julienschmidt/httprouter v1.2.0/go.mod h1:SYymIcj16QtmaHHD7aYtjjsJG7VTCxuUUipMqKk8s4w=
github.com/konsorten/go-windows-terminal-sequences v1.0.1 h1:mweAR1A6xJ3oS2pRaGiHgQ4OO8tzTaLawm8vnODuwDk=
github.com/konsorten/go-windows-terminal-sequences v1.0.1/go.mod h1:T0+1ngSBFLxvqU3pZ+m/2kptfBszLMUkC4ZK/EgS/cQ=
github.com/lib/pq v1.0.0 h1:X5PMW56eZitiTeO7tKzZxFCSpbFZJtkMMooicw2us9A=
github.com/lib/pq v1.0.0/go.mod h1:5WUZQaWbwv1U+lTReE5YruASi9Al49XbQIvNi/34Woo=
github.com/mattes/migrate v3.0.1+incompatible h1:PhAZP82Vqejw8JZLF4U5UkLGzEVaCnbtJpB6DONcDow=
github.com/mattes/migrate v3.0.1+incompatible/go.mod h1:LJcqgpj1jQoxv3m2VXd3drv0suK5CbN/RCX7MXwgnVI=
github.com/mattn/go-sqlite3 v1.9.0/go.mod h1:FPy6KqzDD04eiIsT53CuJW3U88zkxoIYsOqkbpncsNc=
github.com/mattn/go-sqlite3 v1.10.0 h1:jbhqpg7tQe4SupckyijYiy0mJJ/pRyHvXf7JdWK860o=
github.com/mattn/go-sqlite3 v1.10.0/go.mod h1:FPy6KqzDD04eiIsT53CuJW3U88zkxoIYsOqkbpncsNc=
github.com/onrik/logrus v0.2.2 h1:020mP35EiWYjeg/FOgG5tjBfz0ccGiGeeP6E2dudkl0=
github.com/onrik/logrus v0.2.2/go.mod h1:qfe9NeZVAJfIxviw3cYkZo3kvBtLoPRJriAO8zl7qTk=
github.com/opencontainers/go-digest v1.0.0-rc1/go.mod h1:cMLVZDEM3+U2I4VmLI6N8jQYUd2OVphdqWwCJHrFt2s=
github.com/opentracing/opentracing-go v1.0.2 h1:3jA2P6O1F9UOrWVpwrIo17pu01KWvNWg4X946/Y5Zwg=
github.com/opentracing/opentracing-go v1.0.2/go.mod h1:UkNAQd3GIcIGf0SeVgPpRdFStlNbqXla1AfSYxPUl2o=
github.com/pickjunk/bgo v0.0.0-20190217103257-adf0267fb4e0 h1:+F7zJ2Qhve/pJej6xWygTG+gMFH3RpZ/smI68bm7Sug=
github.com/pickjunk/bgo v0.0.0-20190217103257-adf0267fb4e0/go.mod h1:URNAiJ7gmbR4L+bBccZnqORuSHZ445BSPIWM84ezBzM=
github.com/pickjunk/bgo v0.0.0-20190217104130-7d55c6ee36e5 h1:LdduVD//tpWI0Jj+YL02QBKV02tjj3thgwaT/V4XrOg=
github.com/pickjunk/bgo v0.0.0-20190217104130-7d55c6ee36e5/go.mod h1:URNAiJ7gmbR4L+bBccZnqORuSHZ445BSPIWM84ezBzM=
github.com/pickjunk/bgo v0.0.0-20190217131240-1f071844be38 h1:u+yhsZ+b6NjmsKg3DukpVBGdOX2NPLS1wnFNUyci6bc=
github.com/pickjunk/bgo v0.0.0-20190217131240-1f071844be38/go.mod h1:URNAiJ7gmbR4L+bBccZnqORuSHZ445BSPIWM84ezBzM=
github.com/pickjunk/bgo v0.0.0-20190217132620-466ba0c59b2f h1:ZYpL0yWD55ppjJdJj0lTslCxnPhzL3doy1FHA7uaDg8=
github.com/pickjunk/bgo v0.0.0-20190217132620-466ba0c59b2f/go.mod h1:URNAiJ7gmbR4L+bBccZnqORuSHZ445BSPIWM84ezBzM=
github.com/pickjunk/bgo v0.0.0-20190217133238-ed3b1c72ad42 h1:115m3BIP6g91ICWF6qEt/+AWlNK7HA1qR36433R6ph4=
github.com/pickjunk/bgo v0.0.0-20190217133238-ed3b1c72ad42/go.mod h1:Bw/ZRKH+3KtKziiklHLXnLNIbQ0UE6HjQjcgrSb/QP0=
github.com/pickjunk/bgo v0.0.0-20190217133753-c642a5f238d1 h1:gynf/y13F6NvT6bBHy/Sb9lR9HB4aQSfBf5iokwBd+I=
github.com/pickjunk/bgo v0.0.0-20190217133753-c642a5f238d1/go.mod h1:Bw/ZRKH+3KtKziiklHLXnLNIbQ0UE6HjQjcgrSb/QP0=
github.com/pickjunk/bgo v0.0.0-20190217160451-2ae934944b3b h1:pNvLcjO3ml+Paxo7nxplc9BYWl/OppvaO6MzwcJu17g=
github.com/pickjunk/bgo v0.0.0-20190217160451-2ae934944b3b/go.mod h1:GUh3P3+TWVwRHBnB4HHG4F79dhYSXPAJ6mfmqxo5DZE=
github.com/pickjunk/bgo v0.0.0-20190217160830-d4c8787f390f h1:Qw6iupsOG890aKihz4nBNbsQ3vKAr4sOAwcVCk8bx70=
github.com/pickjunk/bgo v0.0.0-20190217160830-d4c8787f390f/go.mod h1:GUh3P3+TWVwRHBnB4HHG4F79dhYSXPAJ6mfmqxo5DZE=
github.com/pickjunk/bgo v0.0.0-20190217164238-d7965ecb74d8 h1:h9aAOI8PBMJSK2VeShDwOhiKCInXBZbqaxgnV0OnmQA=
github.com/pickjunk/bgo v0.0.0-20190217164238-d7965ecb74d8/go.mod h1:GUh3P3+TWVwRHBnB4HHG4F79dhYSXPAJ6mfmqxo5DZE=
github.com/pickjunk/bgo v0.0.0-20190217174501-5a18b3fb0d2d h1:8MLidpwefPFFzGi7qaBEC7buuARCoUDhc+DOqbx9pZ4=
github.com/pickjunk/bgo v0.0.0-20190217174501-5a18b3fb0d2d/go.mod h1:2XB+GfkZkaI8WdzjHxYqgwxG+cUudg21mZp5oZTxTIk=
github.com/pickjunk/bgo v0.0.0-20190218153933-3620feaf5c25 h1:DCe6gH6oKXunssjFY2uYMWyXj6F9MmnbNlqWitC2Kes=
github.com/pickjunk/bgo v0.0.0-20190218153933-3620feaf5c25/go.mod h1:2XB+GfkZkaI8WdzjHxYqgwxG+cUudg21mZp5oZTxTIk=
github.com/pickjunk/bgo v0.9.0 h1:j3p+cBjQksn28pabq8PoUlvtVklM2A4dhF+pHCwcBA8=
github.com/pickjunk/bgo v0.9.0/go.mod h1:GF0vhUqm67lir2ypsHvvs0TL53DrXPWPiG9+dW1p5L4=
github.com/pickjunk/bgo v0.10.0 h1:Mea866xXGen82NssIgIlwSn/xijXvaPxd9A0VuKOCBI=
github.com/pickjunk/bgo v0.10.0/go.mod h1:GF0vhUqm67lir2ypsHvvs0TL53DrXPWPiG9+dW1p5L4=
github.com/pickjunk/bgo v0.10.1 h1:BsXC2Teulk/NqK27hzvKYQfEpT9Aq2+pEX0H5JxHWLA=
github.com/pickjunk/bgo v0.10.1/go.mod h1:GF0vhUqm67lir2ypsHvvs0TL53DrXPWPiG9+dW1p5L4=
github.com/pickjunk/bgo v0.10.2 h1:CTY4/3PPjAXNYWWuLcgmYL9a3lb8AZSjmEGQh7eoUFo=
github.com/pickjunk/bgo v0.10.2/go.mod h1:GF0vhUqm67lir2ypsHvvs0TL53DrXPWPiG9+dW1p5L4=
github.com/pickjunk/bgo v0.10.3 h1:I2a23mKGvMxWAtD0sciJlKTkhNq4Io+itktuJYZaGZ4=
github.com/pickjunk/bgo v0.10.3/go.mod h1:GF0vhUqm67lir2ypsHvvs0TL53DrXPWPiG9+dW1p5L4=
github.com/pickjunk/mysql-migrate v0.0.0-20190218183736-1e22a4189c50 h1:DSW4v4mSv54m0rJCygp6N+MJH1w7lFNEqcgksn21E5g=
github.com/pickjunk/mysql-migrate v0.0.0-20190218183736-1e22a4189c50/go.mod h1:nhvs/oUBpAwFRceMnUJ9aXO0D9phHyjhkMcFi8hMdIk=
github.com/pickjunk/mysql-migrate v0.0.0-20190307092735-e2774b964997 h1:Nuy6kA1CT8aB42FOT1d/xTYCtq7mva2KXAXDEm6wy9Q=
github.com/pickjunk/mysql-migrate v0.0.0-20190307092735-e2774b964997/go.mod h1:gvyi3bnqsOYc4aL2Ro5x2jybCoqCE/wOU6KmahZauKU=
github.com/pickjunk/mysql-migrate v0.0.0-20190308102627-2555da4931b1 h1:TDp9ARVbHsApKze5aAPPQBOu3bL0b05xu80KHgM2ED8=
github.com/pickjunk/mysql-migrate v0.0.0-20190308102627-2555da4931b1/go.mod h1:m42iSBesig0gVmKCvA4yIlYA8pGQeORAMwFNtG1UchI=
github.com/pkg/errors v0.8.1 h1:iURUrRGxPUNPdy5/HRSm+Yj6okJ6UtLINN0Q9M4+h3I=
github.com/pkg/errors v0.8.1/go.mod h1:bwawxfHBFNV+L2hUp1rHADufV3IMtnDRdf1r5NINEl0=
github.com/pmezard/go-difflib v1.0.0 h1:4DBwDE0NGyQoBHbLQYPwSUPoCMWR5BEzIk/f1lZbAQM=
github.com/pmezard/go-difflib v1.0.0/go.mod h1:iKH77koFhYxTK1pcRnkKkqfTogsbg7gZNVY4sRDYZ/4=
github.com/rs/cors v1.6.0 h1:G9tHG9lebljV9mfp9SNPDL36nCDxmo3zTlAf1YgvzmI=
github.com/rs/cors v1.6.0/go.mod h1:gFx+x8UowdsKA9AchylcLynDq+nNFfI8FkUZdN/jGCU=
github.com/sirupsen/logrus v1.3.0 h1:hI/7Q+DtNZ2kINb6qt/lS+IyXnHQe9e90POfeewL/ME=
github.com/sirupsen/logrus v1.3.0/go.mod h1:LxeOpSwHxABJmUn/MG1IvRgCAasNZTLOkJPxbbu5VWo=
github.com/stretchr/objx v0.1.0/go.mod h1:HFkY916IF+rwdDfMAkV7OtwuqBVzrE8GR6GFx+wExME=
github.com/stretchr/objx v0.1.1/go.mod h1:HFkY916IF+rwdDfMAkV7OtwuqBVzrE8GR6GFx+wExME=
github.com/stretchr/testify v1.2.2/go.mod h1:a8OnRcib4nhh0OaRAV+Yts87kKdq0PP7pXfy6kDkUVs=
github.com/stretchr/testify v1.3.0 h1:TivCn/peBQ7UY8ooIcPgZFpTNSz0Q2U6UrFlUfqbe0Q=
github.com/stretchr/testify v1.3.0/go.mod h1:M5WIy9Dh21IEIfnGCwXGc5bZfKNJtfHm1UVUgZn+9EI=
github.com/uber-go/atomic v1.3.2/go.mod h1:/Ct5t2lcmbJ4OSe/waGBoaVvVqtO0bmtfVNex1PFV8g=
github.com/uber/jaeger-client-go v2.15.0+incompatible h1:NP3qsSqNxh8VYr956ur1N/1C1PjvOJnJykCzcD5QHbk=
github.com/uber/jaeger-client-go v2.15.0+incompatible/go.mod h1:WVhlPFC8FDjOFMMWRy2pZqQJSXxYSwNYOkTr/Z6d3Kk=
github.com/uber/jaeger-client-go v2.15.1-0.20190214182810-64f57863bf63+incompatible h1:TFhKT0n7ZzHnw+FgoVKhcLsyiEAZyVZgwmBQ6uDvDLQ=
github.com/uber/jaeger-client-go v2.15.1-0.20190214182810-64f57863bf63+incompatible/go.mod h1:WVhlPFC8FDjOFMMWRy2pZqQJSXxYSwNYOkTr/Z6d3Kk=
github.com/uber/jaeger-lib v2.0.0+incompatible h1:iMSCV0rmXEogjNWPh2D0xk9YVKvrtGoHJNe9ebLu/pw=
github.com/uber/jaeger-lib v2.0.0+incompatible/go.mod h1:ComeNDZlWwrWnDv8aPp0Ba6+uUTzImX/AauajbLI56U=
github.com/uber/jaeger-lib v2.0.1-0.20190122222657-d036253de8f5+incompatible h1:9liPZv4EP6j3XhUZpV3RLvaMRu9NxRqUFfrM3s1wxYs=
github.com/uber/jaeger-lib v2.0.1-0.20190122222657-d036253de8f5+incompatible/go.mod h1:ComeNDZlWwrWnDv8aPp0Ba6+uUTzImX/AauajbLI56U=
go.uber.org/atomic v1.3.2/go.mod h1:gD2HeocX3+yG+ygLZcrzQJaqmWj9AIm7n08wl/qW/PE=
golang.org/x/crypto v0.0.0-20180904163835-0709b304e793 h1:u+LnwYTOOW7Ukr/fppxEb1Nwz0AtPflrblfvUudpo+I=
golang.org/x/crypto v0.0.0-20180904163835-0709b304e793/go.mod h1:6SG95UA2DQfeDnfUPMdvaQW0Q7yPrPDi9nlGo2tz2b4=
golang.org/x/crypto v0.0.0-20190211182817-74369b46fc67 h1:ng3VDlRp5/DHpSWl02R4rM9I+8M2rhmsuLwAMmkLQWE=
golang.org/x/crypto v0.0.0-20190211182817-74369b46fc67/go.mod h1:6SG95UA2DQfeDnfUPMdvaQW0Q7yPrPDi9nlGo2tz2b4=
golang.org/x/net v0.0.0-20180724234803-3673e40ba225/go.mod h1:mL1N/T3taQHkDXs73rZJwtUhF3w3ftmwwsq0BUmARs4=
golang.org/x/net v0.0.0-20181220203305-927f97764cc3/go.mod h1:mL1N/T3taQHkDXs73rZJwtUhF3w3ftmwwsq0BUmARs4=
golang.org/x/net v0.0.0-20190125091013-d26f9f9a57f3 h1:ulvT7fqt0yHWzpJwI57MezWnYDVpCAYBVuYst/L+fAY=
golang.org/x/net v0.0.0-20190125091013-d26f9f9a57f3/go.mod h1:mL1N/T3taQHkDXs73rZJwtUhF3w3ftmwwsq0BUmARs4=
golang.org/x/sys v0.0.0-20180905080454-ebe1bf3edb33 h1:I6FyU15t786LL7oL/hn43zqTuEGr4PN7F4XJ1p4E3Y8=
golang.org/x/sys v0.0.0-20180905080454-ebe1bf3edb33/go.mod h1:STP8DvDyc/dI5b8T5hshtkjS+E42TnysNCUPdjciGhY=
golang.org/x/text v0.3.0/go.mod h1:NqM8EUOU14njkJ3fqMW+pc6Ldnwhi/IjpwHt7yyuwOQ=
google.golang.org/appengine v1.4.0 h1:/wp5JvzpHIxhs/dumFmF7BXTf3Z+dd4uXta4kVyO508=
google.golang.org/appengine v1.4.0/go.mod h1:xpcJRLb0r/rnEns0DIKYYv+WjYCduHsrkT7/EB5XEv4=
gopkg.in/check.v1 v0.0.0-20161208181325-20d25e280405/go.mod h1:Co6ibVJAznAaIkqp8huTwlJQCZ016jof/cbN4VW5Yz0=
gopkg.in/urfave/cli.v1 v1.20.0 h1:NdAVW6RYxDif9DhDHaAortIu956m2c0v+09AZBPTbE0=
gopkg.in/urfave/cli.v1 v1.20.0/go.mod h1:vuBzUtMdQeixQj8LVd+/98pzhxNGQoyuPBlsXHOQNO0=
gopkg.in/yaml.v2 v2.2.2 h1:ZCJp+EgiOT7lHqUV2J862kp8Qj64Jo6az82+3Td9dZw=
gopkg.in/yaml.v2 v2.2.2/go.mod h1:hI93XBmqTisBFMUTm0b8Fm+jr3Dg1NNxqwp+5A1VGuI=
